# This file is generated by running "yarn install" inside your project.
# Manual changes might be lost - proceed with caution!

__metadata:
  version: 6
  cacheKey: 8

"@babel/runtime@npm:^7.3.1, @babel/runtime@npm:^7.4.4, @babel/runtime@npm:^7.5.5, @babel/runtime@npm:^7.8.3, @babel/runtime@npm:^7.8.7":
  version: 7.12.5
  resolution: "@babel/runtime@npm:7.12.5"
  dependencies:
    regenerator-runtime: ^0.13.4
  checksum: 64964a0fd172917fc5faac56bea5f0e6ec6200973e4ed6373e114f23f8cd6f113be31a6559fadfdd4f62071559e05d00a391760876a00345ea7813356c880209
  languageName: node
  linkType: hard

"@emotion/hash@npm:^0.8.0":
  version: 0.8.0
  resolution: "@emotion/hash@npm:0.8.0"
  checksum: 4b35d88a97e67275c1d990c96d3b0450451d089d1508619488fc0acb882cb1ac91e93246d471346ebd1b5402215941ef4162efe5b51534859b39d8b3a0e3ffaa
  languageName: node
  linkType: hard

"@material-ui/core@npm:4.9.14":
  version: 4.9.14
  resolution: "@material-ui/core@npm:4.9.14"
  dependencies:
    "@babel/runtime": ^7.4.4
    "@material-ui/styles": ^4.9.14
    "@material-ui/system": ^4.9.14
    "@material-ui/types": ^5.1.0
    "@material-ui/utils": ^4.9.12
    "@types/react-transition-group": ^4.2.0
    clsx: ^1.0.4
    hoist-non-react-statics: ^3.3.2
    popper.js: ^1.16.1-lts
    prop-types: ^15.7.2
    react-is: ^16.8.0
    react-transition-group: ^4.4.0
  peerDependencies:
    "@types/react": ^16.8.6
    react: ^16.8.0
    react-dom: ^16.8.0
  peerDependenciesMeta:
    "@types/react":
      optional: true
  checksum: fdc1631d5905378782a0f13b3d5506da551646fc43fbde0af19415cf88079c20ff83f22e430715f399bf7b34bccc139ff6b22bac0fec92869c9454430fa1506c
  languageName: node
  linkType: hard

"@material-ui/icons@npm:4.9.1":
  version: 4.9.1
  resolution: "@material-ui/icons@npm:4.9.1"
  dependencies:
    "@babel/runtime": ^7.4.4
  peerDependencies:
    "@material-ui/core": ^4.0.0
    "@types/react": ^16.8.6
    react: ^16.8.0
    react-dom: ^16.8.0
  peerDependenciesMeta:
    "@types/react":
      optional: true
  checksum: df856c1102902b36d18526279dc25b97f2dbba229ffe8fa5cde17b330ea3fef793f4f53d0975eda972d78bab6c0a2ef0ce853cb88ee2c6edd7e9159a4bed2e0a
  languageName: node
  linkType: hard

"@material-ui/lab@npm:4.0.0-alpha.53":
  version: 4.0.0-alpha.53
  resolution: "@material-ui/lab@npm:4.0.0-alpha.53"
  dependencies:
    "@babel/runtime": ^7.4.4
    "@material-ui/utils": ^4.9.6
    clsx: ^1.0.4
    prop-types: ^15.7.2
    react-is: ^16.8.0
  peerDependencies:
    "@material-ui/core": ^4.9.10
    "@types/react": ^16.8.6
    react: ^16.8.0
    react-dom: ^16.8.0
  peerDependenciesMeta:
    "@types/react":
      optional: true
  checksum: 338922ecb1ae2179dfee9607a92082cf5af75aa7c73e32587a08ffe5b2334b19179bd6b2012b1891cdc2fb03a4d47492ff9ff574eff36c6434e70e2a460e3253
  languageName: node
  linkType: hard

"@material-ui/styles@npm:4.9.14":
  version: 4.9.14
  resolution: "@material-ui/styles@npm:4.9.14"
  dependencies:
    "@babel/runtime": ^7.4.4
    "@emotion/hash": ^0.8.0
    "@material-ui/types": ^5.1.0
    "@material-ui/utils": ^4.9.6
    clsx: ^1.0.4
    csstype: ^2.5.2
    hoist-non-react-statics: ^3.3.2
    jss: ^10.0.3
    jss-plugin-camel-case: ^10.0.3
    jss-plugin-default-unit: ^10.0.3
    jss-plugin-global: ^10.0.3
    jss-plugin-nested: ^10.0.3
    jss-plugin-props-sort: ^10.0.3
    jss-plugin-rule-value-function: ^10.0.3
    jss-plugin-vendor-prefixer: ^10.0.3
    prop-types: ^15.7.2
  peerDependencies:
    "@types/react": ^16.8.6
    react: ^16.8.0
    react-dom: ^16.8.0
  peerDependenciesMeta:
    "@types/react":
      optional: true
  checksum: ba468f57143b7e0bc209e0a314dcb0dc4393407ee48f1d2732f4d455c3d1df997bb7a74c8fcc389d4f93be0cd9ebc97f54e5692f2fe591d564d87fdccd9238b7
  languageName: node
  linkType: hard

"@material-ui/styles@npm:^4.9.14":
  version: 4.10.0
  resolution: "@material-ui/styles@npm:4.10.0"
  dependencies:
    "@babel/runtime": ^7.4.4
    "@emotion/hash": ^0.8.0
    "@material-ui/types": ^5.1.0
    "@material-ui/utils": ^4.9.6
    clsx: ^1.0.4
    csstype: ^2.5.2
    hoist-non-react-statics: ^3.3.2
    jss: ^10.0.3
    jss-plugin-camel-case: ^10.0.3
    jss-plugin-default-unit: ^10.0.3
    jss-plugin-global: ^10.0.3
    jss-plugin-nested: ^10.0.3
    jss-plugin-props-sort: ^10.0.3
    jss-plugin-rule-value-function: ^10.0.3
    jss-plugin-vendor-prefixer: ^10.0.3
    prop-types: ^15.7.2
  peerDependencies:
    "@types/react": ^16.8.6
    react: ^16.8.0
    react-dom: ^16.8.0
  peerDependenciesMeta:
    "@types/react":
      optional: true
  checksum: 3646a7b9e052255da6860a73c12f0032a1d589ef4a0ae40e7bfe6ba356fbda859b3f0c2b101005123c8ada97f080dead4e3ff19dde3992714a9cb5bb938a2aba
  languageName: node
  linkType: hard

"@material-ui/system@npm:^4.9.14":
  version: 4.9.14
  resolution: "@material-ui/system@npm:4.9.14"
  dependencies:
    "@babel/runtime": ^7.4.4
    "@material-ui/utils": ^4.9.6
    csstype: ^2.5.2
    prop-types: ^15.7.2
  peerDependencies:
    "@types/react": ^16.8.6
    react: ^16.8.0
    react-dom: ^16.8.0
  peerDependenciesMeta:
    "@types/react":
      optional: true
  checksum: f17d52d708a4a1bcce7a8c07054ed68d5a2027aa4d4cefe4cd2e20c41db69a93083bce34f4858963ea651efde52f0b81909d5cf157b168295947b0db59471e5a
  languageName: node
  linkType: hard

"@material-ui/types@npm:^5.1.0":
  version: 5.1.0
  resolution: "@material-ui/types@npm:5.1.0"
  peerDependencies:
    "@types/react": "*"
  peerDependenciesMeta:
    "@types/react":
      optional: true
  checksum: 64ac0938ee6f48011ba596f7422ab0660d9a8d9b4f5f183b39bd63185b1ce724209f65580f0af686d59b524603ffa57418ca2d443b69bec894303f80779c61f8
  languageName: node
  linkType: hard

"@material-ui/utils@npm:^4.9.12, @material-ui/utils@npm:^4.9.6":
  version: 4.10.2
  resolution: "@material-ui/utils@npm:4.10.2"
  dependencies:
    "@babel/runtime": ^7.4.4
    prop-types: ^15.7.2
    react-is: ^16.8.0
  peerDependencies:
    react: ^16.8.0
    react-dom: ^16.8.0
  checksum: 4934b503b3a0f4d1f539b9597089a8bff1aeebee63adaf6885969402e3694962bea002ec0d8e5a31a24f80f3bc09edb2774e8d883fc79697d7552cca6a9acd89
  languageName: node
  linkType: hard

"@next/env@npm:12.1.0":
  version: 12.1.0
  resolution: "@next/env@npm:12.1.0"
  checksum: 31037e019846a2c3eeb106d64d54084e0b86d1b9b92fdb7332eeb39d94cb4a8e11ddab1a088088f7aea7b60a4cb57781815539676fddedf4305f19f8c8bf5b7f
  languageName: node
  linkType: hard

"@next/swc-android-arm64@npm:12.1.0":
  version: 12.1.0
  resolution: "@next/swc-android-arm64@npm:12.1.0"
  conditions: os=android & cpu=arm64
  languageName: node
  linkType: hard

"@next/swc-darwin-arm64@npm:12.1.0":
  version: 12.1.0
  resolution: "@next/swc-darwin-arm64@npm:12.1.0"
  conditions: os=darwin & cpu=arm64
  languageName: node
  linkType: hard

"@next/swc-darwin-x64@npm:12.1.0":
  version: 12.1.0
  resolution: "@next/swc-darwin-x64@npm:12.1.0"
  conditions: os=darwin & cpu=x64
  languageName: node
  linkType: hard

"@next/swc-linux-arm-gnueabihf@npm:12.1.0":
  version: 12.1.0
  resolution: "@next/swc-linux-arm-gnueabihf@npm:12.1.0"
  conditions: os=linux & cpu=arm
  languageName: node
  linkType: hard

"@next/swc-linux-arm64-gnu@npm:12.1.0":
  version: 12.1.0
  resolution: "@next/swc-linux-arm64-gnu@npm:12.1.0"
  conditions: os=linux & cpu=arm64
  languageName: node
  linkType: hard

"@next/swc-linux-arm64-musl@npm:12.1.0":
  version: 12.1.0
  resolution: "@next/swc-linux-arm64-musl@npm:12.1.0"
  conditions: os=linux & cpu=arm64
  languageName: node
  linkType: hard

"@next/swc-linux-x64-gnu@npm:12.1.0":
  version: 12.1.0
  resolution: "@next/swc-linux-x64-gnu@npm:12.1.0"
  conditions: os=linux & cpu=x64
  languageName: node
  linkType: hard

"@next/swc-linux-x64-musl@npm:12.1.0":
  version: 12.1.0
  resolution: "@next/swc-linux-x64-musl@npm:12.1.0"
  conditions: os=linux & cpu=x64
  languageName: node
  linkType: hard

"@next/swc-win32-arm64-msvc@npm:12.1.0":
  version: 12.1.0
  resolution: "@next/swc-win32-arm64-msvc@npm:12.1.0"
  conditions: os=win32 & cpu=arm64
  languageName: node
  linkType: hard

"@next/swc-win32-ia32-msvc@npm:12.1.0":
  version: 12.1.0
  resolution: "@next/swc-win32-ia32-msvc@npm:12.1.0"
  conditions: os=win32 & cpu=ia32
  languageName: node
  linkType: hard

"@next/swc-win32-x64-msvc@npm:12.1.0":
  version: 12.1.0
  resolution: "@next/swc-win32-x64-msvc@npm:12.1.0"
  conditions: os=win32 & cpu=x64
  languageName: node
  linkType: hard

"@types/prop-types@npm:*":
  version: 15.7.3
  resolution: "@types/prop-types@npm:15.7.3"
  checksum: 41831d53c44c9eeafdaf9762bcb4553c13a3bbf990745ed9065a1cc3581b80633113b53fd49b202bf51731b258da5d0a9aa09c9035d5af7f78b0f6bc273f1325
  languageName: node
  linkType: hard

"@types/react-transition-group@npm:^4.2.0":
  version: 4.4.0
  resolution: "@types/react-transition-group@npm:4.4.0"
  dependencies:
    "@types/react": "*"
  checksum: ba44361d7b055922b60a557389a68d5320a190785cd80173839ef8c096aeb0808bd9c35fc9a70badbfe959dc668fdb1b82211e4914140a5edc9ed87d760c9812
  languageName: node
  linkType: hard

"@types/react@npm:*":
  version: 16.9.56
  resolution: "@types/react@npm:16.9.56"
  dependencies:
    "@types/prop-types": "*"
    csstype: ^3.0.2
  checksum: 4bf34a10507acf0f8dc3621c25ac446d1499d89e10282ecb69764b025761ff229a23602e1b2815d22282aebccc39e516632da72280954e012ff9ce0ec113a5f3
  languageName: node
  linkType: hard

"@use-it/event-listener@npm:^0.1.2":
  version: 0.1.5
  resolution: "@use-it/event-listener@npm:0.1.5"
  peerDependencies:
    react: ^16.8.0
  checksum: e10ed7ea7099c139c3ad27cce0a6cc65768da010fc94fdb90bf1d8724b1a7288559e5b83d69a67bced766896c4e512433da96a1b58da92defe3658641d9c3090
  languageName: node
  linkType: hard

"caniuse-lite@npm:^1.0.30001283":
  version: 1.0.30001445
  resolution: "caniuse-lite@npm:1.0.30001445"
  checksum: f98ca67829c3c52af5af0a62b8510432b2ad9594437d24ad460a6eb1a23d93e7a31631b1f550fbbe482ad05c467aa00da710a41699eb13d1f246d7db4147ab79
  languageName: node
  linkType: hard

"clsx@npm:^1.0.4":
  version: 1.1.1
  resolution: "clsx@npm:1.1.1"
  checksum: ff052650329773b9b245177305fc4c4dc3129f7b2be84af4f58dc5defa99538c61d4207be7419405a5f8f3d92007c954f4daba5a7b74e563d5de71c28c830063
  languageName: node
  linkType: hard

"css-vendor@npm:^2.0.8":
  version: 2.0.8
  resolution: "css-vendor@npm:2.0.8"
  dependencies:
    "@babel/runtime": ^7.8.3
    is-in-browser: ^1.0.2
  checksum: 647cd4ea5e401c65c59376255aa2b708e92bf84fba9ce2b3ff5ecb94bf51d74ac374052b1cf9956ef7419b8ebf07fcea9a7683d2d2459127b2ca747ab5b98745
  languageName: node
  linkType: hard

"csstype@npm:^2.5.2":
  version: 2.6.14
  resolution: "csstype@npm:2.6.14"
  checksum: 25611aed3d3b8b3fd28aa29df99e590accdb7c8775224962306ffa824e1a8dd8ac1a97123788b4527f7c85c0901b7573c3662b8463dff398cd198cd554d72e69
  languageName: node
  linkType: hard

"csstype@npm:^3.0.2":
  version: 3.0.5
  resolution: "csstype@npm:3.0.5"
  checksum: bf6a7c84c246b09e4ac21c4890f3e9f7cd203e819fa5f59fee4b642e6a11d403abc5e5fb611367737caec69dec9ccaaa92397d4d528dd99ff0f03791687dd136
  languageName: node
  linkType: hard

"dom-helpers@npm:^5.0.1":
  version: 5.2.0
  resolution: "dom-helpers@npm:5.2.0"
  dependencies:
    "@babel/runtime": ^7.8.7
    csstype: ^3.0.2
  checksum: bea3e7217c2adac5f89285b7786dbcc3a356226f6ff12934c9626689829b00e7fa7630a8f77973028d039db1aba6b882b1494854aa910422d1644486136b1e55
  languageName: node
  linkType: hard

"dotenv@npm:8.2.0":
  version: 8.2.0
  resolution: "dotenv@npm:8.2.0"
  checksum: ad4c8e0df3e24b4811c8e93377d048a10a9b213dcd9f062483b4a2d3168f08f10ec9c618c23f5639060d230ccdb174c08761479e9baa29610aa978e1ee66df76
  languageName: node
  linkType: hard

"hoist-non-react-statics@npm:^3.3.2":
  version: 3.3.2
  resolution: "hoist-non-react-statics@npm:3.3.2"
  dependencies:
    react-is: ^16.7.0
  checksum: b1538270429b13901ee586aa44f4cc3ecd8831c061d06cb8322e50ea17b3f5ce4d0e2e66394761e6c8e152cd8c34fb3b4b690116c6ce2bd45b18c746516cb9e8
  languageName: node
  linkType: hard

"hyphenate-style-name@npm:^1.0.3":
  version: 1.0.4
  resolution: "hyphenate-style-name@npm:1.0.4"
  checksum: 4f5bf4b055089754924babebaa23c17845937bcca6aee95d5d015f8fa1e6814279002bd6a9e541e3fac2cd02519fc76305396727066c57c8e21a7e73e7a12137
  languageName: node
  linkType: hard

"indefinite-observable@npm:^2.0.1":
  version: 2.0.1
  resolution: "indefinite-observable@npm:2.0.1"
  dependencies:
    symbol-observable: 1.2.0
  checksum: b4305c999b7596901f8798e569b8faa030361dfb77f8b720e229558a29f544826f7e8987c55cc2a84c37ff2723594a965b96a40a6c71daae92b918f3eb393077
  languageName: node
  linkType: hard

"is-in-browser@npm:^1.0.2, is-in-browser@npm:^1.1.3":
  version: 1.1.3
  resolution: "is-in-browser@npm:1.1.3"
  checksum: 178491f97f6663c0574565701b76f41633dbe065e4bd8d518ce017a8fa25e5109ecb6a3bd8bd55c0aba11b208f86b9f0f9c91f3664e148ebf618b74a74fcaf09
  languageName: node
  linkType: hard

"js-tokens@npm:^3.0.0 || ^4.0.0":
  version: 4.0.0
  resolution: "js-tokens@npm:4.0.0"
  checksum: 8a95213a5a77deb6cbe94d86340e8d9ace2b93bc367790b260101d2f36a2eaf4e4e22d9fa9cf459b38af3a32fb4190e638024cf82ec95ef708680e405ea7cc78
  languageName: node
  linkType: hard

"jss-plugin-camel-case@npm:^10.0.3":
  version: 10.5.0
  resolution: "jss-plugin-camel-case@npm:10.5.0"
  dependencies:
    "@babel/runtime": ^7.3.1
    hyphenate-style-name: ^1.0.3
    jss: 10.5.0
  checksum: 8ae0001046f498e95b89830d1d604f26c7f2b3f62dd7c710b2c9a703d79391e7ab0bfe39d0fb68d7abc2072c298cdcfaa49307b539347611b953604aada3f939
  languageName: node
  linkType: hard

"jss-plugin-default-unit@npm:^10.0.3":
  version: 10.5.0
  resolution: "jss-plugin-default-unit@npm:10.5.0"
  dependencies:
    "@babel/runtime": ^7.3.1
    jss: 10.5.0
  checksum: 9cf6f41496b7d143f18ad2cfab800cccdd65e61727e313aae72ef8e471e540c62f97d50b54ad9fa91d4acaa597fa664171cf127aef780b54fd36ce07c85366ea
  languageName: node
  linkType: hard

"jss-plugin-global@npm:^10.0.3":
  version: 10.5.0
  resolution: "jss-plugin-global@npm:10.5.0"
  dependencies:
    "@babel/runtime": ^7.3.1
    jss: 10.5.0
  checksum: e9a2a91afa51e4995d43b948cb059440e8f930ad7599476c2b27ca53c43183778a63a13228dba247d0fb4516a006c90846f30cdc55de9cc1826975fcef422e64
  languageName: node
  linkType: hard

"jss-plugin-nested@npm:^10.0.3":
  version: 10.5.0
  resolution: "jss-plugin-nested@npm:10.5.0"
  dependencies:
    "@babel/runtime": ^7.3.1
    jss: 10.5.0
    tiny-warning: ^1.0.2
  checksum: b39430ba11a58f3eb631c7e9d6000b55ad8eca84d4ad6e04203ec23420102ef883f3cbab0e983357d1fb3715d6450c2081ac33c332d9e6ade425f45baf60b941
  languageName: node
  linkType: hard

"jss-plugin-props-sort@npm:^10.0.3":
  version: 10.5.0
  resolution: "jss-plugin-props-sort@npm:10.5.0"
  dependencies:
    "@babel/runtime": ^7.3.1
    jss: 10.5.0
  checksum: d361301a5524dc8cff2a7bd488000526f878dcde9ee8a8c5a931cc495fdde89036c67388c70af396bdf136fb2abae7aeeb3475c651cded1e06a4bd03e9f0deaf
  languageName: node
  linkType: hard

"jss-plugin-rule-value-function@npm:^10.0.3":
  version: 10.5.0
  resolution: "jss-plugin-rule-value-function@npm:10.5.0"
  dependencies:
    "@babel/runtime": ^7.3.1
    jss: 10.5.0
    tiny-warning: ^1.0.2
  checksum: b0a97458a46e4d9999039cf51cc2365ae556f963dad42159c45249d3a9d6de144d8b48b84b9787dc4f6fa131d75e51f7545e5ebd4c12dd3826bc5bd89619dcf2
  languageName: node
  linkType: hard

"jss-plugin-vendor-prefixer@npm:^10.0.3":
  version: 10.5.0
  resolution: "jss-plugin-vendor-prefixer@npm:10.5.0"
  dependencies:
    "@babel/runtime": ^7.3.1
    css-vendor: ^2.0.8
    jss: 10.5.0
  checksum: 0d472292713fb269e89eba6791ccbf04929f966d8b1c8e5955e82ef5503ce1c4e4afb08ade4a65524db1034337e8455e81bbd8271a53f1bfd94d1ac636e845bb
  languageName: node
  linkType: hard

"jss@npm:10.5.0, jss@npm:^10.0.3":
  version: 10.5.0
  resolution: "jss@npm:10.5.0"
  dependencies:
    "@babel/runtime": ^7.3.1
    csstype: ^3.0.2
    indefinite-observable: ^2.0.1
    is-in-browser: ^1.1.3
    tiny-warning: ^1.0.2
  checksum: c7cb4d861aa3af07a9520742151fc40d40a14e89629e5da4a6a9dc6c5261f4349d14df0f7568c652b9f48e97c502e5b8a7af18b9ccb1201aa8956a5ebd0eac8c
  languageName: node
  linkType: hard

"loose-envify@npm:^1.1.0, loose-envify@npm:^1.4.0":
  version: 1.4.0
  resolution: "loose-envify@npm:1.4.0"
  dependencies:
    js-tokens: ^3.0.0 || ^4.0.0
  bin:
    loose-envify: cli.js
  checksum: 6517e24e0cad87ec9888f500c5b5947032cdfe6ef65e1c1936a0c48a524b81e65542c9c3edc91c97d5bddc806ee2a985dbc79be89215d613b1de5db6d1cfe6f4
  languageName: node
  linkType: hard

"nanoid@npm:^3.1.30":
  version: 3.3.4
  resolution: "nanoid@npm:3.3.4"
  bin:
    nanoid: bin/nanoid.cjs
  checksum: 2fddd6dee994b7676f008d3ffa4ab16035a754f4bb586c61df5a22cf8c8c94017aadd360368f47d653829e0569a92b129979152ff97af23a558331e47e37cd9c
  languageName: node
  linkType: hard

"next@npm:12.1.0":
  version: 12.1.0
  resolution: "next@npm:12.1.0"
  dependencies:
    "@next/env": 12.1.0
    "@next/swc-android-arm64": 12.1.0
    "@next/swc-darwin-arm64": 12.1.0
    "@next/swc-darwin-x64": 12.1.0
    "@next/swc-linux-arm-gnueabihf": 12.1.0
    "@next/swc-linux-arm64-gnu": 12.1.0
    "@next/swc-linux-arm64-musl": 12.1.0
    "@next/swc-linux-x64-gnu": 12.1.0
    "@next/swc-linux-x64-musl": 12.1.0
    "@next/swc-win32-arm64-msvc": 12.1.0
    "@next/swc-win32-ia32-msvc": 12.1.0
    "@next/swc-win32-x64-msvc": 12.1.0
    caniuse-lite: ^1.0.30001283
    postcss: 8.4.5
    styled-jsx: 5.0.0
    use-subscription: 1.5.1
  peerDependencies:
    fibers: ">= 3.1.0"
    node-sass: ^6.0.0 || ^7.0.0
    react: ^17.0.2 || ^18.0.0-0
    react-dom: ^17.0.2 || ^18.0.0-0
    sass: ^1.3.0
  dependenciesMeta:
    "@next/swc-android-arm64":
      optional: true
    "@next/swc-darwin-arm64":
      optional: true
    "@next/swc-darwin-x64":
      optional: true
    "@next/swc-linux-arm-gnueabihf":
      optional: true
    "@next/swc-linux-arm64-gnu":
      optional: true
    "@next/swc-linux-arm64-musl":
      optional: true
    "@next/swc-linux-x64-gnu":
      optional: true
    "@next/swc-linux-x64-musl":
      optional: true
    "@next/swc-win32-arm64-msvc":
      optional: true
    "@next/swc-win32-ia32-msvc":
      optional: true
    "@next/swc-win32-x64-msvc":
      optional: true
  peerDependenciesMeta:
    fibers:
      optional: true
    node-sass:
      optional: true
    sass:
      optional: true
  bin:
    next: dist/bin/next
  checksum: 36dbafd5e640c420446dc05077f858ae4a8aaf5f91feb3c6c16c1b3f50b9fb63f743ef282a3bf0c68645442bef8aee643492f6dc62388a17f87064cde064d181
  languageName: node
  linkType: hard

"object-assign@npm:^4.1.1":
  version: 4.1.1
  resolution: "object-assign@npm:4.1.1"
  checksum: fcc6e4ea8c7fe48abfbb552578b1c53e0d194086e2e6bbbf59e0a536381a292f39943c6e9628af05b5528aa5e3318bb30d6b2e53cadaf5b8fe9e12c4b69af23f
  languageName: node
  linkType: hard

"picocolors@npm:^1.0.0":
  version: 1.0.0
  resolution: "picocolors@npm:1.0.0"
  checksum: a2e8092dd86c8396bdba9f2b5481032848525b3dc295ce9b57896f931e63fc16f79805144321f72976383fc249584672a75cc18d6777c6b757603f372f745981
  languageName: node
  linkType: hard

"popper.js@npm:^1.16.1-lts":
  version: 1.16.1
  resolution: "popper.js@npm:1.16.1"
  checksum: c56ae5001ec50a77ee297a8061a0221d99d25c7348d2e6bcd3e45a0d0f32a1fd81bca29d46cb0d4bdf13efb77685bd6a0ce93f9eb3c608311a461f945fffedbe
  languageName: node
  linkType: hard

"postcss@npm:8.4.5":
  version: 8.4.5
  resolution: "postcss@npm:8.4.5"
  dependencies:
    nanoid: ^3.1.30
    picocolors: ^1.0.0
    source-map-js: ^1.0.1
  checksum: b78abdd89c10f7b48f4bdcd376104a19d6e9c7495ab521729bdb3df315af6c211360e9f06887ad3bc0ab0f61a04b91d68ea11462997c79cced58b9ccd66fac07
  languageName: node
  linkType: hard

"postier@workspace:.":
  version: 0.0.0-use.local
  resolution: "postier@workspace:."
  dependencies:
    "@material-ui/core": 4.9.14
    "@material-ui/icons": 4.9.1
    "@material-ui/lab": 4.0.0-alpha.53
    "@material-ui/styles": 4.9.14
    dotenv: 8.2.0
    next: 12.1.0
    prettier: 2.0.5
    react: 17.0.1
    react-dom: 17.0.1
    react-timeago: 4.4.0
    use-persisted-state: 0.3.0
  languageName: unknown
  linkType: soft

"prettier@npm:2.0.5":
  version: 2.0.5
  resolution: "prettier@npm:2.0.5"
  bin:
    prettier: bin-prettier.js
  checksum: 7f89d2f5d1a1a15a7bf200556b8c5395913d0119fe52a3fba51ab116695d584652d37fdb7d86e0919bfe36b22649afcf222eaca00a1065eb486b7b4cf3062eff
  languageName: node
  linkType: hard

"prop-types@npm:^15.6.2, prop-types@npm:^15.7.2":
  version: 15.7.2
  resolution: "prop-types@npm:15.7.2"
  dependencies:
    loose-envify: ^1.4.0
    object-assign: ^4.1.1
    react-is: ^16.8.1
  checksum: 5eef82fdda64252c7e75aa5c8cc28a24bbdece0f540adb60ce67c205cf978a5bd56b83e4f269f91c6e4dcfd80b36f2a2dec24d362e278913db2086ca9c6f9430
  languageName: node
  linkType: hard

"react-dom@npm:17.0.1":
  version: 17.0.1
  resolution: "react-dom@npm:17.0.1"
  dependencies:
    loose-envify: ^1.1.0
    object-assign: ^4.1.1
    scheduler: ^0.20.1
  peerDependencies:
    react: 17.0.1
  checksum: df2af300dd4f49a5daaccc38f5a307def2a9ae2b7ebffa3dce8fb9986129057696b86a2c94e5ae36133057c69428c500e4ee3bf5884eb44e5632ace8b7ace41f
  languageName: node
  linkType: hard

"react-is@npm:^16.7.0, react-is@npm:^16.8.0, react-is@npm:^16.8.1":
  version: 16.13.1
  resolution: "react-is@npm:16.13.1"
  checksum: f7a19ac3496de32ca9ae12aa030f00f14a3d45374f1ceca0af707c831b2a6098ef0d6bdae51bd437b0a306d7f01d4677fcc8de7c0d331eb47ad0f46130e53c5f
  languageName: node
  linkType: hard

"react-timeago@npm:4.4.0":
  version: 4.4.0
  resolution: "react-timeago@npm:4.4.0"
  peerDependencies:
    react: ^15.0.0 || ^16.0.0
  checksum: 2e47ea2dbfa2b4216f67055bbac82312955da5857d2d44a6e70adc7381a6b8b6da038cbdf0754765cceba227336f5b426ef1b76629fcb9b0b4029d1ae3ed0473
  languageName: node
  linkType: hard

"react-transition-group@npm:^4.4.0":
  version: 4.4.1
  resolution: "react-transition-group@npm:4.4.1"
  dependencies:
    "@babel/runtime": ^7.5.5
    dom-helpers: ^5.0.1
    loose-envify: ^1.4.0
    prop-types: ^15.6.2
  peerDependencies:
    react: ">=16.6.0"
    react-dom: ">=16.6.0"
  checksum: 0bcd8af483709832e318dcef84c26ebddeb866bf4f58010286367ef0c1e7c5106e00cfc65688b9102414cb3d572c63909c2eb7ea972b4420fc70a78c10b6e8ad
  languageName: node
  linkType: hard

"react@npm:17.0.1":
  version: 17.0.1
  resolution: "react@npm:17.0.1"
  dependencies:
    loose-envify: ^1.1.0
    object-assign: ^4.1.1
  checksum: 83b9df9529a2b489f00a4eaa608fc7d55518b258e046c100344ae068713e43ae64e477a140f87e38cfe75489bcfd26d27fce5818f89f4ec41bdbda7ead4bb426
  languageName: node
  linkType: hard

"regenerator-runtime@npm:^0.13.4":
  version: 0.13.7
  resolution: "regenerator-runtime@npm:0.13.7"
  checksum: 52b66e6669152c0b1bccd95c8e11aabbfe67bb97bdf00e223bdf723b0f0052d4da5c02001d4c4bef576bdc5bcdc38a20496d1b5363b65c950c8434ed5071d9e0
  languageName: node
  linkType: hard

"scheduler@npm:^0.20.1":
  version: 0.20.1
  resolution: "scheduler@npm:0.20.1"
  dependencies:
    loose-envify: ^1.1.0
    object-assign: ^4.1.1
  checksum: ace896fff8ccc516a4b5a249c712fc88d4e2456587d991acc220b54690362d6a2b9d426a7f030454cb439f6f5ff2706b13ee8c44ccb953884c4756304a2f8ad6
  languageName: node
  linkType: hard

"source-map-js@npm:^1.0.1":
  version: 1.0.2
  resolution: "source-map-js@npm:1.0.2"
  checksum: c049a7fc4deb9a7e9b481ae3d424cc793cb4845daa690bc5a05d428bf41bf231ced49b4cf0c9e77f9d42fdb3d20d6187619fc586605f5eabe995a316da8d377c
  languageName: node
  linkType: hard

"styled-jsx@npm:5.0.0":
  version: 5.0.0
  resolution: "styled-jsx@npm:5.0.0"
  peerDependencies:
    react: ">= 16.8.0 || 17.x.x || 18.x.x"
  peerDependenciesMeta:
    "@babel/core":
      optional: true
    babel-plugin-macros:
      optional: true
  checksum: 4958238ac8b8e90ac7d906aca3821e3ffb0c70c34c78b87d27f0f11c830c8237c8f4c0e7952dc51373d6fa097b16a023dcc7c9ededd402d8483b5ed2d8cefda9
  languageName: node
  linkType: hard

"symbol-observable@npm:1.2.0":
  version: 1.2.0
  resolution: "symbol-observable@npm:1.2.0"
  checksum: 48ffbc22e3d75f9853b3ff2ae94a44d84f386415110aea5effc24d84c502e03a4a6b7a8f75ebaf7b585780bda34eb5d6da3121f826a6f93398429d30032971b6
  languageName: node
  linkType: hard

"tiny-warning@npm:^1.0.2":
  version: 1.0.3
  resolution: "tiny-warning@npm:1.0.3"
  checksum: da62c4acac565902f0624b123eed6dd3509bc9a8d30c06e017104bedcf5d35810da8ff72864400ad19c5c7806fc0a8323c68baf3e326af7cb7d969f846100d71
  languageName: node
  linkType: hard

"use-persisted-state@npm:0.3.0":
  version: 0.3.0
  resolution: "use-persisted-state@npm:0.3.0"
  dependencies:
    "@use-it/event-listener": ^0.1.2
  peerDependencies:
    react: ^16.8.0
  checksum: 09ecb4cc4a5d64f6a0adb04161709dc7c6bbe23b592e740eb1581ee2e6c41e351c5588dd6920ae15ad312571ba7fc782af76fb1458002c81771264ed08e4c3ad
  languageName: node
  linkType: hard

"use-subscription@npm:1.5.1":
  version: 1.5.1
  resolution: "use-subscription@npm:1.5.1"
  dependencies:
    object-assign: ^4.1.1
  peerDependencies:
    react: ^16.8.0 || ^17.0.0
  checksum: 96e64977a573244fd11350a3141b2cf57fb72dd9dd902f387c8a0a565d0a948bc81588bd7378c6ef6defc0d1119f37f73aac4a7a287c8443abd444bd4e7bbea8
  languageName: node
  linkType: hard
