# This file is generated by running "yarn install" inside your project.
# Manual changes might be lost - proceed with caution!

__metadata:
  version: 6
  cacheKey: 8

"@babel/runtime@^7.3.1", "@babel/runtime@^7.4.4", "@babel/runtime@^7.5.5", "@babel/runtime@^7.8.3", "@babel/runtime@^7.8.7":
  version "7.12.5"
  resolved "https://registry.yarnpkg.com/@babel/runtime/-/runtime-7.12.5.tgz#410e7e487441e1b360c29be715d870d9b985882e"
  integrity sha512-plcc+hbExy3McchJCEQG3knOsuh3HH+Prx1P6cLIkET/0dLuQDEnrT+s27Axgc9bqfsmNUNHfscgMUdBpC9xfg==
  dependencies:
    regenerator-runtime: ^0.13.4
  checksum: 64964a0fd172917fc5faac56bea5f0e6ec6200973e4ed6373e114f23f8cd6f113be31a6559fadfdd4f62071559e05d00a391760876a00345ea7813356c880209
  languageName: node
  linkType: hard

"@emotion/hash@^0.8.0":
  version "0.8.0"
  resolved "https://registry.yarnpkg.com/@emotion/hash/-/hash-0.8.0.tgz#bbbff68978fefdbe68ccb533bc8cbe1d1afb5413"
  integrity sha512-kBJtf7PH6aWwZ6fka3zQ0p6SBYzx4fl1LoZXE2RrnYST9Xljm7WfKJrU4g/Xr3Beg72MLrp1AWNUmuYJTL7Cow==

"@material-ui/core@4.9.14":
  version "4.9.14"
  resolved "https://registry.yarnpkg.com/@material-ui/core/-/core-4.9.14.tgz#4388f82cf94554cd3a935774fc12820f3c607a8a"
  integrity sha512-71oYrOpInx5honJ9GzZlygPjmsFhn7Bui61/SWLJsPTkMnfvuZfU3qVqlEHjXyDsnZ+uKmLAIdsrOYnphJxxXw==
  dependencies:
    "@babel/runtime": ^7.4.4
    "@material-ui/styles": ^4.9.14
    "@material-ui/system": ^4.9.14
    "@material-ui/types": ^5.1.0
    "@material-ui/utils": ^4.9.12
    "@types/react-transition-group": ^4.2.0
    clsx: ^1.0.4
    hoist-non-react-statics: ^3.3.2
    popper.js: ^1.16.1-lts
    prop-types: ^15.7.2
    react-is: ^16.8.0
    react-transition-group: ^4.4.0
  peerDependencies:
    "@types/react": ^16.8.6
    react: ^16.8.0
    react-dom: ^16.8.0
  peerDependenciesMeta:
    "@types/react":
      optional: true
  checksum: fdc1631d5905378782a0f13b3d5506da551646fc43fbde0af19415cf88079c20ff83f22e430715f399bf7b34bccc139ff6b22bac0fec92869c9454430fa1506c
  languageName: node
  linkType: hard

"@material-ui/icons@npm:4.9.1":
  version: 4.9.1
  resolution: "@material-ui/icons@npm:4.9.1"
  dependencies:
    "@babel/runtime": ^7.4.4
  peerDependencies:
    "@material-ui/core": ^4.0.0
    "@types/react": ^16.8.6
    react: ^16.8.0
    react-dom: ^16.8.0
  peerDependenciesMeta:
    "@types/react":
      optional: true
  checksum: df856c1102902b36d18526279dc25b97f2dbba229ffe8fa5cde17b330ea3fef793f4f53d0975eda972d78bab6c0a2ef0ce853cb88ee2c6edd7e9159a4bed2e0a
  languageName: node
  linkType: hard

"@material-ui/lab@npm:4.0.0-alpha.53":
  version: 4.0.0-alpha.53
  resolution: "@material-ui/lab@npm:4.0.0-alpha.53"
  dependencies:
    "@babel/runtime": ^7.4.4
    "@material-ui/utils": ^4.9.6
    clsx: ^1.0.4
    prop-types: ^15.7.2
    react-is: ^16.8.0
  peerDependencies:
    "@material-ui/core": ^4.9.10
    "@types/react": ^16.8.6
    react: ^16.8.0
    react-dom: ^16.8.0
  peerDependenciesMeta:
    "@types/react":
      optional: true
  checksum: 338922ecb1ae2179dfee9607a92082cf5af75aa7c73e32587a08ffe5b2334b19179bd6b2012b1891cdc2fb03a4d47492ff9ff574eff36c6434e70e2a460e3253
  languageName: node
  linkType: hard

"@material-ui/styles@npm:4.9.14":
  version: 4.9.14
  resolution: "@material-ui/styles@npm:4.9.14"
  dependencies:
    "@babel/runtime": ^7.4.4
    "@emotion/hash": ^0.8.0
    "@material-ui/types": ^5.1.0
    "@material-ui/utils": ^4.9.6
    clsx: ^1.0.4
    csstype: ^2.5.2
    hoist-non-react-statics: ^3.3.2
    jss: ^10.0.3
    jss-plugin-camel-case: ^10.0.3
    jss-plugin-default-unit: ^10.0.3
    jss-plugin-global: ^10.0.3
    jss-plugin-nested: ^10.0.3
    jss-plugin-props-sort: ^10.0.3
    jss-plugin-rule-value-function: ^10.0.3
    jss-plugin-vendor-prefixer: ^10.0.3
    prop-types: ^15.7.2
  peerDependencies:
    "@types/react": ^16.8.6
    react: ^16.8.0
    react-dom: ^16.8.0
  peerDependenciesMeta:
    "@types/react":
      optional: true
  checksum: ba468f57143b7e0bc209e0a314dcb0dc4393407ee48f1d2732f4d455c3d1df997bb7a74c8fcc389d4f93be0cd9ebc97f54e5692f2fe591d564d87fdccd9238b7
  languageName: node
  linkType: hard

"@material-ui/styles@npm:^4.9.14":
  version: 4.10.0
  resolution: "@material-ui/styles@npm:4.10.0"
  dependencies:
    "@babel/runtime": ^7.4.4
    "@emotion/hash": ^0.8.0
    "@material-ui/types": ^5.1.0
    "@material-ui/utils": ^4.9.6
    clsx: ^1.0.4
    csstype: ^2.5.2
    hoist-non-react-statics: ^3.3.2
    jss: ^10.0.3
    jss-plugin-camel-case: ^10.0.3
    jss-plugin-default-unit: ^10.0.3
    jss-plugin-global: ^10.0.3
    jss-plugin-nested: ^10.0.3
    jss-plugin-props-sort: ^10.0.3
    jss-plugin-rule-value-function: ^10.0.3
    jss-plugin-vendor-prefixer: ^10.0.3
    prop-types: ^15.7.2
  peerDependencies:
    "@types/react": ^16.8.6
    react: ^16.8.0
    react-dom: ^16.8.0
  peerDependenciesMeta:
    "@types/react":
      optional: true
  checksum: 3646a7b9e052255da6860a73c12f0032a1d589ef4a0ae40e7bfe6ba356fbda859b3f0c2b101005123c8ada97f080dead4e3ff19dde3992714a9cb5bb938a2aba
  languageName: node
  linkType: hard

"@material-ui/system@npm:^4.9.14":
  version: 4.9.14
  resolution: "@material-ui/system@npm:4.9.14"
  dependencies:
    "@babel/runtime": ^7.4.4
    "@material-ui/utils": ^4.9.6
    csstype: ^2.5.2
    prop-types: ^15.7.2
  peerDependencies:
    "@types/react": ^16.8.6
    react: ^16.8.0
    react-dom: ^16.8.0
  peerDependenciesMeta:
    "@types/react":
      optional: true
  checksum: f17d52d708a4a1bcce7a8c07054ed68d5a2027aa4d4cefe4cd2e20c41db69a93083bce34f4858963ea651efde52f0b81909d5cf157b168295947b0db59471e5a
  languageName: node
  linkType: hard

"@material-ui/types@npm:^5.1.0":
  version: 5.1.0
  resolution: "@material-ui/types@npm:5.1.0"
  peerDependencies:
    "@types/react": "*"
  peerDependenciesMeta:
    "@types/react":
      optional: true
  checksum: 64ac0938ee6f48011ba596f7422ab0660d9a8d9b4f5f183b39bd63185b1ce724209f65580f0af686d59b524603ffa57418ca2d443b69bec894303f80779c61f8
  languageName: node
  linkType: hard

"@material-ui/utils@npm:^4.9.12, @material-ui/utils@npm:^4.9.6":
  version: 4.10.2
  resolution: "@material-ui/utils@npm:4.10.2"
  dependencies:
    "@babel/runtime": ^7.4.4
    prop-types: ^15.7.2
    react-is: ^16.8.0
  peerDependencies:
    react: ^16.8.0
    react-dom: ^16.8.0
  checksum: 4934b503b3a0f4d1f539b9597089a8bff1aeebee63adaf6885969402e3694962bea002ec0d8e5a31a24f80f3bc09edb2774e8d883fc79697d7552cca6a9acd89
  languageName: node
  linkType: hard

"@next/env@12.1.0":
  version "12.1.0"
  resolved "https://registry.yarnpkg.com/@next/env/-/env-12.1.0.tgz#73713399399b34aa5a01771fb73272b55b22c314"
  integrity sha512-nrIgY6t17FQ9xxwH3jj0a6EOiQ/WDHUos35Hghtr+SWN/ntHIQ7UpuvSi0vaLzZVHQWaDupKI+liO5vANcDeTQ==

"@next/swc-android-arm64@12.1.0":
  version "12.1.0"
  resolved "https://registry.yarnpkg.com/@next/swc-android-arm64/-/swc-android-arm64-12.1.0.tgz#865ba3a9afc204ff2bdeea49dd64d58705007a39"
  integrity sha512-/280MLdZe0W03stA69iL+v6I+J1ascrQ6FrXBlXGCsGzrfMaGr7fskMa0T5AhQIVQD4nA/46QQWxG//DYuFBcA==

"@next/swc-darwin-arm64@12.1.0":
  version "12.1.0"
  resolved "https://registry.yarnpkg.com/@next/swc-darwin-arm64/-/swc-darwin-arm64-12.1.0.tgz#08e8b411b8accd095009ed12efbc2f1d4d547135"
  integrity sha512-R8vcXE2/iONJ1Unf5Ptqjk6LRW3bggH+8drNkkzH4FLEQkHtELhvcmJwkXcuipyQCsIakldAXhRbZmm3YN1vXg==

"@next/swc-darwin-x64@12.1.0":
  version "12.1.0"
  resolved "https://registry.yarnpkg.com/@next/swc-darwin-x64/-/swc-darwin-x64-12.1.0.tgz#fcd684497a76e8feaca88db3c394480ff0b007cd"
  integrity sha512-ieAz0/J0PhmbZBB8+EA/JGdhRHBogF8BWaeqR7hwveb6SYEIJaDNQy0I+ZN8gF8hLj63bEDxJAs/cEhdnTq+ug==

"@next/swc-linux-arm-gnueabihf@12.1.0":
  version "12.1.0"
  resolved "https://registry.yarnpkg.com/@next/swc-linux-arm-gnueabihf/-/swc-linux-arm-gnueabihf-12.1.0.tgz#9ec6380a27938a5799aaa6035c205b3c478468a7"
  integrity sha512-njUd9hpl6o6A5d08dC0cKAgXKCzm5fFtgGe6i0eko8IAdtAPbtHxtpre3VeSxdZvuGFh+hb0REySQP9T1ttkog==

"@next/swc-linux-arm64-gnu@12.1.0":
  version "12.1.0"
  resolved "https://registry.yarnpkg.com/@next/swc-linux-arm64-gnu/-/swc-linux-arm64-gnu-12.1.0.tgz#7f4196dff1049cea479607c75b81033ae2dbd093"
  integrity sha512-OqangJLkRxVxMhDtcb7Qn1xjzFA3s50EIxY7mljbSCLybU+sByPaWAHY4px97ieOlr2y4S0xdPKkQ3BCAwyo6Q==

"@next/swc-linux-arm64-musl@12.1.0":
  version "12.1.0"
  resolved "https://registry.yarnpkg.com/@next/swc-linux-arm64-musl/-/swc-linux-arm64-musl-12.1.0.tgz#b445f767569cdc2dddee785ca495e1a88c025566"
  integrity sha512-hB8cLSt4GdmOpcwRe2UzI5UWn6HHO/vLkr5OTuNvCJ5xGDwpPXelVkYW/0+C3g5axbDW2Tym4S+MQCkkH9QfWA==

"@next/swc-linux-x64-gnu@12.1.0":
  version "12.1.0"
  resolved "https://registry.yarnpkg.com/@next/swc-linux-x64-gnu/-/swc-linux-x64-gnu-12.1.0.tgz#67610e9be4fbc987de7535f1bcb17e45fe12f90e"
  integrity sha512-OKO4R/digvrVuweSw/uBM4nSdyzsBV5EwkUeeG4KVpkIZEe64ZwRpnFB65bC6hGwxIBnTv5NMSnJ+0K/WmG78A==

"@next/swc-linux-x64-musl@12.1.0":
  version "12.1.0"
  resolved "https://registry.yarnpkg.com/@next/swc-linux-x64-musl/-/swc-linux-x64-musl-12.1.0.tgz#ea19a23db08a9f2e34ac30401f774cf7d1669d31"
  integrity sha512-JohhgAHZvOD3rQY7tlp7NlmvtvYHBYgY0x5ZCecUT6eCCcl9lv6iV3nfu82ErkxNk1H893fqH0FUpznZ/H3pSw==

"@next/swc-win32-arm64-msvc@12.1.0":
  version "12.1.0"
  resolved "https://registry.yarnpkg.com/@next/swc-win32-arm64-msvc/-/swc-win32-arm64-msvc-12.1.0.tgz#eadf054fc412085659b98e145435bbba200b5283"
  integrity sha512-T/3gIE6QEfKIJ4dmJk75v9hhNiYZhQYAoYm4iVo1TgcsuaKLFa+zMPh4056AHiG6n9tn2UQ1CFE8EoybEsqsSw==

"@next/swc-win32-ia32-msvc@12.1.0":
  version "12.1.0"
  resolved "https://registry.yarnpkg.com/@next/swc-win32-ia32-msvc/-/swc-win32-ia32-msvc-12.1.0.tgz#68faeae10c89f698bf9d28759172b74c9c21bda1"
  integrity sha512-iwnKgHJdqhIW19H9PRPM9j55V6RdcOo6rX+5imx832BCWzkDbyomWnlzBfr6ByUYfhohb8QuH4hSGEikpPqI0Q==

"@next/swc-win32-x64-msvc@12.1.0":
  version "12.1.0"
  resolved "https://registry.yarnpkg.com/@next/swc-win32-x64-msvc/-/swc-win32-x64-msvc-12.1.0.tgz#d27e7e76c87a460a4da99c5bfdb1618dcd6cd064"
  integrity sha512-aBvcbMwuanDH4EMrL2TthNJy+4nP59Bimn8egqv6GHMVj0a44cU6Au4PjOhLNqEh9l+IpRGBqMTzec94UdC5xg==

"@npmcli/move-file@npm:^2.0.0":
  version: 2.0.1
  resolution: "@npmcli/move-file@npm:2.0.1"
  dependencies:
    mkdirp: ^1.0.4
    rimraf: ^3.0.2
  checksum: 52dc02259d98da517fae4cb3a0a3850227bdae4939dda1980b788a7670636ca2b4a01b58df03dd5f65c1e3cb70c50fa8ce5762b582b3f499ec30ee5ce1fd9380
  languageName: node
  linkType: hard

"@tootallnate/once@npm:2":
  version: 2.0.0
  resolution: "@tootallnate/once@npm:2.0.0"
  checksum: ad87447820dd3f24825d2d947ebc03072b20a42bfc96cbafec16bff8bbda6c1a81fcb0be56d5b21968560c5359a0af4038a68ba150c3e1694fe4c109a063bed8
  languageName: node
  linkType: hard

"@types/json-schema@npm:^7.0.5":
  version: 7.0.6
  resolution: "@types/json-schema@npm:7.0.6"
  checksum: 3b1e5e049b065a41d2bc1f0c16e01dac5a4a1276bbe8b413657298f574d64a955d3b10bec9e7796fde0927f307e6fedbac1cf4da3604593c431899eea3ad0756
  languageName: node
  linkType: hard

"@types/prop-types@npm:*":
  version: 15.7.3
  resolution: "@types/prop-types@npm:15.7.3"
  checksum: 41831d53c44c9eeafdaf9762bcb4553c13a3bbf990745ed9065a1cc3581b80633113b53fd49b202bf51731b258da5d0a9aa09c9035d5af7f78b0f6bc273f1325
  languageName: node
  linkType: hard

"@types/react-transition-group@npm:^4.2.0":
  version: 4.4.0
  resolution: "@types/react-transition-group@npm:4.4.0"
  dependencies:
    "@types/react": "*"
  checksum: ba44361d7b055922b60a557389a68d5320a190785cd80173839ef8c096aeb0808bd9c35fc9a70badbfe959dc668fdb1b82211e4914140a5edc9ed87d760c9812
  languageName: node
  linkType: hard

"@types/react@npm:*":
  version: 16.9.56
  resolution: "@types/react@npm:16.9.56"
  dependencies:
    "@types/prop-types": "*"
    csstype: ^3.0.2
  checksum: 4bf34a10507acf0f8dc3621c25ac446d1499d89e10282ecb69764b025761ff229a23602e1b2815d22282aebccc39e516632da72280954e012ff9ce0ec113a5f3
  languageName: node
  linkType: hard

"@use-it/event-listener@npm:^0.1.2":
  version: 0.1.5
  resolution: "@use-it/event-listener@npm:0.1.5"
  peerDependencies:
    react: ^16.8.0
  checksum: e10ed7ea7099c139c3ad27cce0a6cc65768da010fc94fdb90bf1d8724b1a7288559e5b83d69a67bced766896c4e512433da96a1b58da92defe3658641d9c3090
  languageName: node
  linkType: hard

caniuse-lite@^1.0.30001283:
  version "1.0.30001445"
  resolved "https://registry.yarnpkg.com/caniuse-lite/-/caniuse-lite-1.0.30001445.tgz#cf2d4eb93f2bcdf0310de9dd6d18be271bc0b447"
  integrity sha512-8sdQIdMztYmzfTMO6KfLny878Ln9c2M0fc7EH60IjlP4Dc4PiCy7K2Vl3ITmWgOyPgVQKa5x+UP/KqFsxj4mBg==

clsx@^1.0.4:
  version "1.1.1"
  resolved "https://registry.yarnpkg.com/clsx/-/clsx-1.1.1.tgz#98b3134f9abbdf23b2663491ace13c5c03a73188"
  integrity sha512-6/bPho624p3S2pMyvP5kKBPXnI3ufHLObBFCfgx+LkeR5lg2XYy2hqZqUf45ypD8COn2bhgGJSUE+l5dhNBieA==

css-vendor@^2.0.8:
  version "2.0.8"
  resolved "https://registry.yarnpkg.com/css-vendor/-/css-vendor-2.0.8.tgz#e47f91d3bd3117d49180a3c935e62e3d9f7f449d"
  integrity sha512-x9Aq0XTInxrkuFeHKbYC7zWY8ai7qJ04Kxd9MnvbC1uO5DagxoHQjm4JvG+vCdXOoFtCjbL2XSZfxmoYa9uQVQ==
  dependencies:
    "@babel/runtime": ^7.8.3
    is-in-browser: ^1.0.2
  checksum: 647cd4ea5e401c65c59376255aa2b708e92bf84fba9ce2b3ff5ecb94bf51d74ac374052b1cf9956ef7419b8ebf07fcea9a7683d2d2459127b2ca747ab5b98745
  languageName: node
  linkType: hard

csstype@^2.5.2:
  version "2.6.14"
  resolved "https://registry.yarnpkg.com/csstype/-/csstype-2.6.14.tgz#004822a4050345b55ad4dcc00be1d9cf2f4296de"
  integrity sha512-2mSc+VEpGPblzAxyeR+vZhJKgYg0Og0nnRi7pmRXFYYxSfnOnW8A5wwQb4n4cE2nIOzqKOAzLCaEX6aBmNEv8A==

"csstype@npm:^3.0.2":
  version: 3.0.5
  resolution: "csstype@npm:3.0.5"
  checksum: bf6a7c84c246b09e4ac21c4890f3e9f7cd203e819fa5f59fee4b642e6a11d403abc5e5fb611367737caec69dec9ccaaa92397d4d528dd99ff0f03791687dd136
  languageName: node
  linkType: hard

dom-helpers@^5.0.1:
  version "5.2.0"
  resolved "https://registry.yarnpkg.com/dom-helpers/-/dom-helpers-5.2.0.tgz#57fd054c5f8f34c52a3eeffdb7e7e93cd357d95b"
  integrity sha512-Ru5o9+V8CpunKnz5LGgWXkmrH/20cGKwcHwS4m73zIvs54CN9epEmT/HLqFJW3kXpakAFkEdzgy1hzlJe3E4OQ==
  dependencies:
    "@babel/runtime": ^7.8.7
    csstype: ^3.0.2
  checksum: bea3e7217c2adac5f89285b7786dbcc3a356226f6ff12934c9626689829b00e7fa7630a8f77973028d039db1aba6b882b1494854aa910422d1644486136b1e55
  languageName: node
  linkType: hard

dotenv@8.2.0:
  version "8.2.0"
  resolved "https://registry.yarnpkg.com/dotenv/-/dotenv-8.2.0.tgz#97e619259ada750eea3e4ea3e26bceea5424b16a"
  integrity sha512-8sJ78ElpbDJBHNeBzUbUVLsqKdccaa/BXF1uPTw3GrvQTBgrQrtObr2mUrE38vzYd8cEv+m/JBfDLioYcfXoaw==

hoist-non-react-statics@^3.3.2:
  version "3.3.2"
  resolved "https://registry.yarnpkg.com/hoist-non-react-statics/-/hoist-non-react-statics-3.3.2.tgz#ece0acaf71d62c2969c2ec59feff42a4b1a85b45"
  integrity sha512-/gGivxi8JPKWNm/W0jSmzcMPpfpPLc3dY/6GxhX2hQ9iGj3aDfklV4ET7NjKpSinLpJ5vafa9iiGIEZg10SfBw==
  dependencies:
    react-is: ^16.7.0
  checksum: b1538270429b13901ee586aa44f4cc3ecd8831c061d06cb8322e50ea17b3f5ce4d0e2e66394761e6c8e152cd8c34fb3b4b690116c6ce2bd45b18c746516cb9e8
  languageName: node
  linkType: hard

hyphenate-style-name@^1.0.3:
  version "1.0.4"
  resolved "https://registry.yarnpkg.com/hyphenate-style-name/-/hyphenate-style-name-1.0.4.tgz#691879af8e220aea5750e8827db4ef62a54e361d"
  integrity sha512-ygGZLjmXfPHj+ZWh6LwbC37l43MhfztxetbFCoYTM2VjkIUpeHgSNn7QIyVFj7YQ1Wl9Cbw5sholVJPzWvC2MQ==

indefinite-observable@^2.0.1:
  version "2.0.1"
  resolved "https://registry.yarnpkg.com/indefinite-observable/-/indefinite-observable-2.0.1.tgz#574af29bfbc17eb5947793797bddc94c9d859400"
  integrity sha512-G8vgmork+6H9S8lUAg1gtXEj2JxIQTo0g2PbFiYOdjkziSI0F7UYBiVwhZRuixhBCNGczAls34+5HJPyZysvxQ==
  dependencies:
    safer-buffer: ">= 2.1.2 < 3.0.0"
  checksum: 3f60d47a5c8fc3313317edfd29a00a692cc87a19cac0159e2ce711d0ebc9019064108323b5e493625e25594f11c6236647d8e256fbe7a58f4a3b33b89e6d30bf
  languageName: node
  linkType: hard

is-in-browser@^1.0.2, is-in-browser@^1.1.3:
  version "1.1.3"
  resolved "https://registry.yarnpkg.com/is-in-browser/-/is-in-browser-1.1.3.tgz#56ff4db683a078c6082eb95dad7dc62e1d04f835"
  integrity sha1-Vv9NtoOgeMYILrldrX3GLh0E+DU=

"js-tokens@^3.0.0 || ^4.0.0":
  version "4.0.0"
  resolved "https://registry.yarnpkg.com/js-tokens/-/js-tokens-4.0.0.tgz#19203fb59991df98e3a287050d4647cdeaf32499"
  integrity sha512-RdJUflcE3cUzKiMqQgsCu06FPu9UdIJO0beYbPhHN4k6apgJtifcoCtT9bcxOpYBtpD2kCM6Sbzg4CausW/PKQ==

jss-plugin-camel-case@^10.0.3:
  version "10.5.0"
  resolved "https://registry.yarnpkg.com/jss-plugin-camel-case/-/jss-plugin-camel-case-10.5.0.tgz#4b0a9c85e65e5eb72cbfba59373686c604d88f72"
  integrity sha512-GSjPL0adGAkuoqeYiXTgO7PlIrmjv5v8lA6TTBdfxbNYpxADOdGKJgIEkffhlyuIZHlPuuiFYTwUreLUmSn7rg==
  dependencies:
    "@babel/runtime": ^7.3.1
    hyphenate-style-name: ^1.0.3
    jss: 10.5.0
  checksum: 8ae0001046f498e95b89830d1d604f26c7f2b3f62dd7c710b2c9a703d79391e7ab0bfe39d0fb68d7abc2072c298cdcfaa49307b539347611b953604aada3f939
  languageName: node
  linkType: hard

"jss-plugin-default-unit@npm:^10.0.3":
  version: 10.5.0
  resolution: "jss-plugin-default-unit@npm:10.5.0"
  dependencies:
    "@babel/runtime": ^7.3.1
    jss: 10.5.0
  checksum: 9cf6f41496b7d143f18ad2cfab800cccdd65e61727e313aae72ef8e471e540c62f97d50b54ad9fa91d4acaa597fa664171cf127aef780b54fd36ce07c85366ea
  languageName: node
  linkType: hard

"jss-plugin-global@npm:^10.0.3":
  version: 10.5.0
  resolution: "jss-plugin-global@npm:10.5.0"
  dependencies:
    "@babel/runtime": ^7.3.1
    jss: 10.5.0
  checksum: e9a2a91afa51e4995d43b948cb059440e8f930ad7599476c2b27ca53c43183778a63a13228dba247d0fb4516a006c90846f30cdc55de9cc1826975fcef422e64
  languageName: node
  linkType: hard

"jss-plugin-nested@npm:^10.0.3":
  version: 10.5.0
  resolution: "jss-plugin-nested@npm:10.5.0"
  dependencies:
    "@babel/runtime": ^7.3.1
    jss: 10.5.0
    tiny-warning: ^1.0.2
  checksum: b39430ba11a58f3eb631c7e9d6000b55ad8eca84d4ad6e04203ec23420102ef883f3cbab0e983357d1fb3715d6450c2081ac33c332d9e6ade425f45baf60b941
  languageName: node
  linkType: hard

"jss-plugin-props-sort@npm:^10.0.3":
  version: 10.5.0
  resolution: "jss-plugin-props-sort@npm:10.5.0"
  dependencies:
    "@babel/runtime": ^7.3.1
    jss: 10.5.0
  checksum: d361301a5524dc8cff2a7bd488000526f878dcde9ee8a8c5a931cc495fdde89036c67388c70af396bdf136fb2abae7aeeb3475c651cded1e06a4bd03e9f0deaf
  languageName: node
  linkType: hard

"jss-plugin-rule-value-function@npm:^10.0.3":
  version: 10.5.0
  resolution: "jss-plugin-rule-value-function@npm:10.5.0"
  dependencies:
    "@babel/runtime": ^7.3.1
    jss: 10.5.0
    tiny-warning: ^1.0.2
  checksum: b0a97458a46e4d9999039cf51cc2365ae556f963dad42159c45249d3a9d6de144d8b48b84b9787dc4f6fa131d75e51f7545e5ebd4c12dd3826bc5bd89619dcf2
  languageName: node
  linkType: hard

"jss-plugin-vendor-prefixer@npm:^10.0.3":
  version: 10.5.0
  resolution: "jss-plugin-vendor-prefixer@npm:10.5.0"
  dependencies:
    "@babel/runtime": ^7.3.1
    css-vendor: ^2.0.8
    jss: 10.5.0
  checksum: 0d472292713fb269e89eba6791ccbf04929f966d8b1c8e5955e82ef5503ce1c4e4afb08ade4a65524db1034337e8455e81bbd8271a53f1bfd94d1ac636e845bb
  languageName: node
  linkType: hard

"jss@npm:10.5.0, jss@npm:^10.0.3":
  version: 10.5.0
  resolution: "jss@npm:10.5.0"
  dependencies:
    "@babel/runtime": ^7.3.1
    csstype: ^3.0.2
    indefinite-observable: ^2.0.1
    is-in-browser: ^1.1.3
    tiny-warning: ^1.0.2
  checksum: c7cb4d861aa3af07a9520742151fc40d40a14e89629e5da4a6a9dc6c5261f4349d14df0f7568c652b9f48e97c502e5b8a7af18b9ccb1201aa8956a5ebd0eac8c
  languageName: node
  linkType: hard

loose-envify@^1.1.0, loose-envify@^1.4.0:
  version "1.4.0"
  resolved "https://registry.yarnpkg.com/loose-envify/-/loose-envify-1.4.0.tgz#71ee51fa7be4caec1a63839f7e682d8132d30caf"
  integrity sha512-lyuxPGr/Wfhrlem2CL/UcnUc1zcqKAImBDzukY7Y5F/yQiNdko6+fRLevlw1HgMySw7f611UIY408EtxRSoK3Q==
  dependencies:
    js-tokens: ^3.0.0 || ^4.0.0
  bin:
    loose-envify: cli.js
  checksum: 6517e24e0cad87ec9888f500c5b5947032cdfe6ef65e1c1936a0c48a524b81e65542c9c3edc91c97d5bddc806ee2a985dbc79be89215d613b1de5db6d1cfe6f4
  languageName: node
  linkType: hard

nanoid@^3.1.30:
  version "3.3.4"
  resolved "https://registry.yarnpkg.com/nanoid/-/nanoid-3.3.4.tgz#730b67e3cd09e2deacf03c027c81c9d9dbc5e8ab"
  integrity sha512-MqBkQh/OHTS2egovRtLk45wEyNXwF+cokD+1YPf9u5VfJiRdAiRwB2froX5Co9Rh20xs4siNPm8naNotSD6RBw==

next@12.1.0:
  version "12.1.0"
  resolved "https://registry.yarnpkg.com/next/-/next-12.1.0.tgz#c33d753b644be92fc58e06e5a214f143da61dd5d"
  integrity sha512-s885kWvnIlxsUFHq9UGyIyLiuD0G3BUC/xrH0CEnH5lHEWkwQcHOORgbDF0hbrW9vr/7am4ETfX4A7M6DjrE7Q==
  dependencies:
    "@next/env" "12.1.0"
    caniuse-lite "^1.0.30001283"
    postcss "8.4.5"
    styled-jsx "5.0.0"
    use-subscription "1.5.1"
  optionalDependencies:
    "@next/swc-android-arm64" "12.1.0"
    "@next/swc-darwin-arm64" "12.1.0"
    "@next/swc-darwin-x64" "12.1.0"
    "@next/swc-linux-arm-gnueabihf" "12.1.0"
    "@next/swc-linux-arm64-gnu" "12.1.0"
    "@next/swc-linux-arm64-musl" "12.1.0"
    "@next/swc-linux-x64-gnu" "12.1.0"
    "@next/swc-linux-x64-musl" "12.1.0"
    "@next/swc-win32-arm64-msvc" "12.1.0"
    "@next/swc-win32-ia32-msvc" "12.1.0"
    "@next/swc-win32-x64-msvc" "12.1.0"

object-assign@^4.1.1:
  version "4.1.1"
  resolved "https://registry.yarnpkg.com/object-assign/-/object-assign-4.1.1.tgz#2109adc7965887cfc05cbbd442cac8bfbb360863"
  integrity sha1-IQmtx5ZYh8/AXLvUQsrIv7s2CGM=

picocolors@^1.0.0:
  version "1.0.0"
  resolved "https://registry.yarnpkg.com/picocolors/-/picocolors-1.0.0.tgz#cb5bdc74ff3f51892236eaf79d68bc44564ab81c"
  integrity sha512-1fygroTLlHu66zi26VoTDv8yRgm0Fccecssto+MhsZ0D/DGW2sm8E8AjW7NU5VVTRt5GxbeZ5qBuJr+HyLYkjQ==

popper.js@^1.16.1-lts:
  version "1.16.1"
  resolved "https://registry.yarnpkg.com/popper.js/-/popper.js-1.16.1.tgz#2a223cb3dc7b6213d740e40372be40de43e65b1b"
  integrity sha512-Wb4p1J4zyFTbM+u6WuO4XstYx4Ky9Cewe4DWrel7B0w6VVICvPwdOpotjzcf6eD8TsckVnIMNONQyPIUFOUbCQ==

postcss@8.4.5:
  version "8.4.5"
  resolved "https://registry.yarnpkg.com/postcss/-/postcss-8.4.5.tgz#bae665764dfd4c6fcc24dc0fdf7e7aa00cc77f95"
  integrity sha512-jBDboWM8qpaqwkMwItqTQTiFikhs/67OYVvblFFTM7MrZjt6yMKd6r2kgXizEbTTljacm4NldIlZnhbjr84QYg==
  dependencies:
    nanoid "^3.1.30"
    picocolors "^1.0.0"
    source-map-js "^1.0.1"

prettier@2.0.5:
  version "2.0.5"
  resolved "https://registry.yarnpkg.com/prettier/-/prettier-2.0.5.tgz#d6d56282455243f2f92cc1716692c08aa31522d4"
  integrity sha512-7PtVymN48hGcO4fGjybyBSIWDsLU4H4XlvOHfq91pz9kkGlonzwTfYkaIEwiRg/dAJF9YlbsduBAgtYLi+8cFg==

prop-types@^15.6.2, prop-types@^15.7.2:
  version "15.7.2"
  resolved "https://registry.yarnpkg.com/prop-types/-/prop-types-15.7.2.tgz#52c41e75b8c87e72b9d9360e0206b99dcbffa6c5"
  integrity sha512-8QQikdH7//R2vurIJSutZ1smHYTcLpRWEOlHnzcWHmBYrOGUysKwSsrC89BCiFj3CbrfJ/nXFdJepOVrY1GCHQ==
  dependencies:
    err-code: ^2.0.2
    retry: ^0.12.0
  checksum: f96a3f6d90b92b568a26f71e966cbbc0f63ab85ea6ff6c81284dc869b41510e6cdef99b6b65f9030f0db422bf7c96652a3fff9f2e8fb4a0f069d8f4430359429
  languageName: node
  linkType: hard

react-dom@17.0.1:
  version "17.0.1"
  resolved "https://registry.yarnpkg.com/react-dom/-/react-dom-17.0.1.tgz#1de2560474ec9f0e334285662ede52dbc5426fc6"
  integrity sha512-6eV150oJZ9U2t9svnsspTMrWNyHc6chX0KzDeAOXftRa8bNeOKTTfCJ7KorIwenkHd2xqVTBTCZd79yk/lx/Ug==
  dependencies:
    loose-envify: ^1.1.0
    object-assign: ^4.1.1
    scheduler: ^0.20.1
  peerDependencies:
    react: 17.0.1
  checksum: df2af300dd4f49a5daaccc38f5a307def2a9ae2b7ebffa3dce8fb9986129057696b86a2c94e5ae36133057c69428c500e4ee3bf5884eb44e5632ace8b7ace41f
  languageName: node
  linkType: hard

react-is@^16.7.0, react-is@^16.8.0, react-is@^16.8.1:
  version "16.13.1"
  resolved "https://registry.yarnpkg.com/react-is/-/react-is-16.13.1.tgz#789729a4dc36de2999dc156dd6c1d9c18cea56a4"
  integrity sha512-24e6ynE2H+OKt4kqsOvNd8kBpV65zoxbA4BVsEOB3ARVWQki/DHzaUoC5KuON/BiccDaCCTZBuOcfZs70kR8bQ==

react-timeago@4.4.0:
  version "4.4.0"
  resolved "https://registry.yarnpkg.com/react-timeago/-/react-timeago-4.4.0.tgz#4520dd9ba63551afc4d709819f52b14b9343ba2b"
  integrity sha512-Zj8RchTqZEH27LAANemzMR2RpotbP2aMd+UIajfYMZ9KW4dMcViUVKzC7YmqfiqlFfz8B0bjDw2xUBjmcxDngA==

"react-transition-group@npm:^4.4.0":
  version: 4.4.1
  resolution: "react-transition-group@npm:4.4.1"
  dependencies:
    "@babel/runtime": ^7.5.5
    dom-helpers: ^5.0.1
    loose-envify: ^1.4.0
    prop-types: ^15.6.2
  peerDependencies:
    react: ">=16.6.0"
    react-dom: ">=16.6.0"
  checksum: 0bcd8af483709832e318dcef84c26ebddeb866bf4f58010286367ef0c1e7c5106e00cfc65688b9102414cb3d572c63909c2eb7ea972b4420fc70a78c10b6e8ad
  languageName: node
  linkType: hard

"react@npm:17.0.1":
  version: 17.0.1
  resolution: "react@npm:17.0.1"
  dependencies:
    loose-envify: ^1.1.0
    object-assign: ^4.1.1
  checksum: 83b9df9529a2b489f00a4eaa608fc7d55518b258e046c100344ae068713e43ae64e477a140f87e38cfe75489bcfd26d27fce5818f89f4ec41bdbda7ead4bb426
  languageName: node
  linkType: hard

regenerator-runtime@^0.13.4:
  version "0.13.7"
  resolved "https://registry.yarnpkg.com/regenerator-runtime/-/regenerator-runtime-0.13.7.tgz#cac2dacc8a1ea675feaabaeb8ae833898ae46f55"
  integrity sha512-a54FxoJDIr27pgf7IgeQGxmqUNYrcV338lf/6gH456HZ/PhX+5BcwHXG9ajESmwe6WRO0tAzRUrRmNONWgkrew==

scheduler@^0.20.1:
  version "0.20.1"
  resolved "https://registry.yarnpkg.com/scheduler/-/scheduler-0.20.1.tgz#da0b907e24026b01181ecbc75efdc7f27b5a000c"
  integrity sha512-LKTe+2xNJBNxu/QhHvDR14wUXHRQbVY5ZOYpOGWRzhydZUqrLb2JBvLPY7cAqFmqrWuDED0Mjk7013SZiOz6Bw==
  dependencies:
    loose-envify: ^1.1.0
    object-assign: ^4.1.1
  checksum: ace896fff8ccc516a4b5a249c712fc88d4e2456587d991acc220b54690362d6a2b9d426a7f030454cb439f6f5ff2706b13ee8c44ccb953884c4756304a2f8ad6
  languageName: node
  linkType: hard

source-map-js@^1.0.1:
  version "1.0.2"
  resolved "https://registry.yarnpkg.com/source-map-js/-/source-map-js-1.0.2.tgz#adbc361d9c62df380125e7f161f71c826f1e490c"
  integrity sha512-R0XvVJ9WusLiqTCEiGCmICCMplcCkIwwR11mOSD9CR5u+IXYdiseeEuXCVAjS54zqwkLcPNnmU4OeJ6tUrWhDw==

styled-jsx@5.0.0:
  version "5.0.0"
  resolved "https://registry.yarnpkg.com/styled-jsx/-/styled-jsx-5.0.0.tgz#816b4b92e07b1786c6b7111821750e0ba4d26e77"
  integrity sha512-qUqsWoBquEdERe10EW8vLp3jT25s/ssG1/qX5gZ4wu15OZpmSMFI2v+fWlRhLfykA5rFtlJ1ME8A8pm/peV4WA==

symbol-observable@1.2.0:
  version "1.2.0"
  resolved "https://registry.yarnpkg.com/symbol-observable/-/symbol-observable-1.2.0.tgz#c22688aed4eab3cdc2dfeacbb561660560a00804"
  integrity sha512-e900nM8RRtGhlV36KGEU9k65K3mPb1WV70OdjfxlG2EAuM1noi/E/BaW/uMhL7bPEssK8QV57vN3esixjUvcXQ==

tiny-warning@^1.0.2:
  version "1.0.3"
  resolved "https://registry.yarnpkg.com/tiny-warning/-/tiny-warning-1.0.3.tgz#94a30db453df4c643d0fd566060d60a875d84754"
  integrity sha512-lBN9zLN/oAf68o3zNXYrdCt1kP8WsiGW8Oo2ka41b2IM5JL/S1CTyX1rW0mb/zSuJun0ZUrDxx4sqvYS2FWzPA==

use-persisted-state@0.3.0:
  version "0.3.0"
  resolved "https://registry.yarnpkg.com/use-persisted-state/-/use-persisted-state-0.3.0.tgz#f8e3d2fd8eee67e0c86fd596c3ea3e8121c07402"
  integrity sha512-UlWEq0JYg7NbvcRBZ1g6Bwe4SEbYfr1wr/D5mrmfCzSxXSwsPRYygGLlsxHcW58Rf7gGwRPBT23sNVvyVn4WYg==
  dependencies:
    punycode: 1.3.2
    querystring: 0.2.0
  checksum: 50d100d3dd2d98b9fe3ada48cadb0b08aa6be6d3ac64112b867b56b19be4bfcba03c2a9a0d7922bfd7ac17d4834e88537749fe182430dfd9b68e520175900d90
  languageName: node
  linkType: hard

use-subscription@1.5.1:
  version "1.5.1"
  resolved "https://registry.yarnpkg.com/use-subscription/-/use-subscription-1.5.1.tgz#73501107f02fad84c6dd57965beb0b75c68c42d1"
  integrity sha512-Xv2a1P/yReAjAbhylMfFplFKj9GssgTwN7RlcTxBujFQcloStWNDQdc4g4NRWH9xS4i/FDk04vQBptAXoF3VcA==
  dependencies:
    "@use-it/event-listener": ^0.1.2
  peerDependencies:
    react: ^16.8.0
  checksum: 09ecb4cc4a5d64f6a0adb04161709dc7c6bbe23b592e740eb1581ee2e6c41e351c5588dd6920ae15ad312571ba7fc782af76fb1458002c81771264ed08e4c3ad
  languageName: node
  linkType: hard
